
Microsoft Visual Studio Solution File, Format Version 12.00
# Visual Studio 2013
VisualStudioVersion = 12.0.21005.1
MinimumVisualStudioVersion = 10.0.40219.1
Project("{8BC9CEB8-8B4A-11D0-8D11-00A0C91BC942}") = "bouns_– QueuesandStacks_G3_20140263", "bouns_– QueuesandStacks_G3_20140263\bouns_– QueuesandStacks_G3_20140263.vcxproj", "{08E6237C-9CF9-4472-B721-710B5B3824D0}"
EndProject
Global
	GlobalSection(SolutionConfigurationPlatforms) = preSolution
		Debug|Win32 = Debug|Win32
		Release|Win32 = Release|Win32
	EndGlobalSection
	GlobalSection(ProjectConfigurationPlatforms) = postSolution
		{08E6237C-9CF9-4472-B721-710B5B3824D0}.Debug|Win32.ActiveCfg = Debug|Win32
		{08E6237C-9CF9-4472-B721-710B5B3824D0}.Debug|Win32.Build.0 = Debug|Win32
		{08E6237C-9CF9-4472-B721-710B5B3824D0}.Release|Win32.ActiveCfg = Release|Win32
		{08E6237C-9CF9-4472-B721-710B5B3824D0}.Release|Win32.Build.0 = Release|Win32
	EndGlobalSection
	GlobalSection(SolutionProperties) = preSolution
		HideSolutionNode = FALSE
	EndGlobalSection
EndGlobal
